
Microsoft Visual Studio Solution File, Format Version 12.00
# Visual Studio Version 17
VisualStudioVersion = 17.0.31903.59
MinimumVisualStudioVersion = 10.0.40219.1
Project("{2150E333-8FDC-42A3-9474-1A3956D46DE8}") = "analytics", "analytics", "{C7D89D9E-E680-4D84-B65E-64C1B51157E5}"
EndProject
Project("{FAE04EC0-301F-11D3-BF4B-00C04F79EFBC}") = "Analytics.Service", "analytics\Analytics.Service\Analytics.Service.csproj", "{BA117B37-E59C-4E97-B063-FD97E6AEE416}"
EndProject
Project("{2150E333-8FDC-42A3-9474-1A3956D46DE8}") = "lib", "lib", "{02300EBA-ABEC-4A1B-A9CD-3BA0E0B50175}"
EndProject
Project("{FAE04EC0-301F-11D3-BF4B-00C04F79EFBC}") = "Analytics.Application", "analytics\lib\Analytics.Application\Analytics.Application.csproj", "{9BEAB0FD-EC1E-4C23-AE0D-8E076E514BE6}"
EndProject
Project("{FAE04EC0-301F-11D3-BF4B-00C04F79EFBC}") = "Analytics.Data", "analytics\lib\Analytics.Data\Analytics.Data.csproj", "{B5992A75-1B27-4060-94A7-30B1A11CF7CB}"
EndProject
Project("{FAE04EC0-301F-11D3-BF4B-00C04F79EFBC}") = "Analytics.Infrastructure", "analytics\lib\Analytics.Infrastructure\Analytics.Infrastructure.csproj", "{5B2E8679-7CCE-457F-A148-5E8080C382E1}"
EndProject
Project("{FAE04EC0-301F-11D3-BF4B-00C04F79EFBC}") = "Analytics.Persistence", "analytics\lib\Analytics.Persistence\Analytics.Persistence.csproj", "{64E66230-B697-4AD7-9F17-62B712C2EC87}"
EndProject
Project("{2150E333-8FDC-42A3-9474-1A3956D46DE8}") = "auth", "auth", "{311FA021-4DC4-4E42-AE8C-0C5276DAAFE5}"
EndProject
Project("{FAE04EC0-301F-11D3-BF4B-00C04F79EFBC}") = "Auth.Service", "auth\Auth.Service\Auth.Service.csproj", "{D4A9937D-E1C3-40BD-9CD7-ACDE1027E411}"
EndProject
Project("{2150E333-8FDC-42A3-9474-1A3956D46DE8}") = "lib", "lib", "{EA0BA66D-67E5-4872-8494-6031FB4B7A54}"
EndProject
Project("{FAE04EC0-301F-11D3-BF4B-00C04F79EFBC}") = "Auth.Application", "auth\lib\Auth.Application\Auth.Application.csproj", "{93645E82-C71B-45D6-B116-9A640294E27C}"
EndProject
Project("{FAE04EC0-301F-11D3-BF4B-00C04F79EFBC}") = "Auth.Domain", "auth\lib\Auth.Domain\Auth.Domain.csproj", "{FAA41419-955E-447A-AE07-207589368665}"
EndProject
Project("{FAE04EC0-301F-11D3-BF4B-00C04F79EFBC}") = "Auth.Infrastructure", "auth\lib\Auth.Infrastructure\Auth.Infrastructure.csproj", "{8E8E6D51-A8BA-459E-8345-07216FC9AB56}"
EndProject
Project("{FAE04EC0-301F-11D3-BF4B-00C04F79EFBC}") = "Auth.Persistence", "auth\lib\Auth.Persistence\Auth.Persistence.csproj", "{BC150282-6B30-4004-BF61-A33FC44FC91C}"
EndProject
Project("{2150E333-8FDC-42A3-9474-1A3956D46DE8}") = "cart", "cart", "{3EFA7AEF-2DA2-4B1E-9D80-8F8A102C9512}"
EndProject
Project("{FAE04EC0-301F-11D3-BF4B-00C04F79EFBC}") = "Cart.Service", "cart\Cart.Service\Cart.Service.csproj", "{BA65FA84-831B-4EFA-9757-F7B8F4B98338}"
EndProject
Project("{2150E333-8FDC-42A3-9474-1A3956D46DE8}") = "lib", "lib", "{C0DF0AC1-75ED-4F6D-ADC7-EA8836160EB6}"
EndProject
Project("{FAE04EC0-301F-11D3-BF4B-00C04F79EFBC}") = "Cart.Application", "cart\lib\Cart.Application\Cart.Application.csproj", "{4AC5FFF5-5D1E-4613-BEDC-BAE82268EC78}"
EndProject
Project("{FAE04EC0-301F-11D3-BF4B-00C04F79EFBC}") = "Cart.Domain", "cart\lib\Cart.Domain\Cart.Domain.csproj", "{AF1685CA-6C63-4AB3-81D8-5AC1FF816FE5}"
EndProject
Project("{FAE04EC0-301F-11D3-BF4B-00C04F79EFBC}") = "Cart.Infrastructure", "cart\lib\Cart.Infrastructure\Cart.Infrastructure.csproj", "{A2112448-0555-4BA6-9212-2FF03E1C4356}"
EndProject
Project("{FAE04EC0-301F-11D3-BF4B-00C04F79EFBC}") = "Cart.Persistence", "cart\lib\Cart.Persistence\Cart.Persistence.csproj", "{B9F8A2EA-8675-42DD-9800-D5FAFC0AAF69}"
EndProject
Project("{2150E333-8FDC-42A3-9474-1A3956D46DE8}") = "customer", "customer", "{99F282CA-D809-4CBC-A8C3-0D33DA3E5463}"
EndProject
Project("{FAE04EC0-301F-11D3-BF4B-00C04F79EFBC}") = "Customer.Service", "customer\Customer.Service\Customer.Service.csproj", "{BD60EB66-5101-4C4B-AB2A-9349163387F9}"
EndProject
Project("{2150E333-8FDC-42A3-9474-1A3956D46DE8}") = "lib", "lib", "{32452BC2-06FD-4C7F-B9D5-81114926393D}"
EndProject
Project("{FAE04EC0-301F-11D3-BF4B-00C04F79EFBC}") = "Customer.Application", "customer\lib\Customer.Application\Customer.Application.csproj", "{5D4CD184-A95B-4DB0-8AF3-37D33294C316}"
EndProject
Project("{FAE04EC0-301F-11D3-BF4B-00C04F79EFBC}") = "Customer.Data", "customer\lib\Customer.Data\Customer.Data.csproj", "{264D9D39-D94A-49FD-ABD7-3020EE9FEEA9}"
EndProject
Project("{FAE04EC0-301F-11D3-BF4B-00C04F79EFBC}") = "Customer.Infrastructure", "customer\lib\Customer.Infrastructure\Customer.Infrastructure.csproj", "{848DBA7E-1C05-4500-95A8-F1339929F3C0}"
EndProject
Project("{FAE04EC0-301F-11D3-BF4B-00C04F79EFBC}") = "Customer.Persistence", "customer\lib\Customer.Persistence\Customer.Persistence.csproj", "{23B0556E-5E15-4F93-92F6-D342415A4620}"
EndProject
Project("{2150E333-8FDC-42A3-9474-1A3956D46DE8}") = "discount", "discount", "{D7A92744-D2CF-42A1-99B3-870A1D9E8A5F}"
EndProject
Project("{FAE04EC0-301F-11D3-BF4B-00C04F79EFBC}") = "Discount.Service", "discount\Discount.Service\Discount.Service.csproj", "{B1355CE9-E032-4D7A-A28C-66B193034AC5}"
EndProject
Project("{2150E333-8FDC-42A3-9474-1A3956D46DE8}") = "lib", "lib", "{45E368C8-912A-4149-98DD-EBBC985C554C}"
EndProject
Project("{FAE04EC0-301F-11D3-BF4B-00C04F79EFBC}") = "Discount.Application", "discount\lib\Discount.Application\Discount.Application.csproj", "{52248F9C-6ABC-4B74-B2FA-8BD9091D0CF5}"
EndProject
Project("{FAE04EC0-301F-11D3-BF4B-00C04F79EFBC}") = "Discount.Domain", "discount\lib\Discount.Domain\Discount.Domain.csproj", "{956DA659-AF71-47AB-AEEB-371EE7E9CFB9}"
EndProject
Project("{FAE04EC0-301F-11D3-BF4B-00C04F79EFBC}") = "Discount.Infrastructure", "discount\lib\Discount.Infrastructure\Discount.Infrastructure.csproj", "{D65C6E8D-2DD8-4EFC-9C5C-3A72241F2A8E}"
EndProject
Project("{FAE04EC0-301F-11D3-BF4B-00C04F79EFBC}") = "Discount.Persistence", "discount\lib\Discount.Persistence\Discount.Persistence.csproj", "{95DA70F6-6281-454C-9194-E6EC8926FB37}"
EndProject
Project("{2150E333-8FDC-42A3-9474-1A3956D46DE8}") = "notification", "notification", "{6A0F3254-C36A-44C1-9F7F-C6ACBA76440C}"
EndProject
Project("{2150E333-8FDC-42A3-9474-1A3956D46DE8}") = "lib", "lib", "{ACEC4F0C-62E7-4F41-A139-E592A499350F}"
EndProject
Project("{FAE04EC0-301F-11D3-BF4B-00C04F79EFBC}") = "Notification.Application", "notification\lib\Notification.Application\Notification.Application.csproj", "{49E3CBDF-4BBE-4295-BBC5-EB1966F82BB8}"
EndProject
Project("{FAE04EC0-301F-11D3-BF4B-00C04F79EFBC}") = "Notification.Domain", "notification\lib\Notification.Domain\Notification.Domain.csproj", "{B7C64D06-88D1-4282-A220-73D26140EF3B}"
EndProject
Project("{FAE04EC0-301F-11D3-BF4B-00C04F79EFBC}") = "Notification.Infrastructure", "notification\lib\Notification.Infrastructure\Notification.Infrastructure.csproj", "{CA367028-0AB8-477A-94E4-738F7FF067E2}"
EndProject
Project("{FAE04EC0-301F-11D3-BF4B-00C04F79EFBC}") = "Notification.Persistence", "notification\lib\Notification.Persistence\Notification.Persistence.csproj", "{B0D597E5-50DE-422A-9F71-8C8050623F26}"
EndProject
Project("{FAE04EC0-301F-11D3-BF4B-00C04F79EFBC}") = "Notification.Service", "notification\Notification.Service\Notification.Service.csproj", "{95A24331-A297-42D8-8308-A111A671DD78}"
EndProject
Project("{2150E333-8FDC-42A3-9474-1A3956D46DE8}") = "order", "order", "{8816BDF9-B885-4033-B2DF-381124085585}"
EndProject
Project("{2150E333-8FDC-42A3-9474-1A3956D46DE8}") = "lib", "lib", "{6C933A8F-6BA6-4F5A-8F6F-36812788FD15}"
EndProject
Project("{FAE04EC0-301F-11D3-BF4B-00C04F79EFBC}") = "Order.Application", "order\lib\Order.Application\Order.Application.csproj", "{57E66224-4927-45C8-8287-87667F0FFCF6}"
EndProject
Project("{FAE04EC0-301F-11D3-BF4B-00C04F79EFBC}") = "Order.Domain", "order\lib\Order.Domain\Order.Domain.csproj", "{D1FC29B9-7D4E-4646-A4B0-E7B49687DD65}"
EndProject
Project("{FAE04EC0-301F-11D3-BF4B-00C04F79EFBC}") = "Order.Infrastructure", "order\lib\Order.Infrastructure\Order.Infrastructure.csproj", "{0383A4D6-FCC6-4DC3-84D7-430656FC3148}"
EndProject
Project("{FAE04EC0-301F-11D3-BF4B-00C04F79EFBC}") = "Order.Persistence", "order\lib\Order.Persistence\Order.Persistence.csproj", "{5A886A96-3A64-44BD-BB5E-CDA2D7ABC954}"
EndProject
Project("{FAE04EC0-301F-11D3-BF4B-00C04F79EFBC}") = "Order.Service", "order\Order.Service\Order.Service.csproj", "{9B2FB7BE-427D-4B1C-BAAC-3C8BCE9325D5}"
EndProject
Project("{2150E333-8FDC-42A3-9474-1A3956D46DE8}") = "payment", "payment", "{484E8D02-4ABB-44ED-BEF8-0D4627A0735A}"
EndProject
Project("{2150E333-8FDC-42A3-9474-1A3956D46DE8}") = "lib", "lib", "{F355DED5-AC70-4802-85B6-B86309E0359F}"
EndProject
Project("{FAE04EC0-301F-11D3-BF4B-00C04F79EFBC}") = "Payment.Application", "payment\lib\Payment.Application\Payment.Application.csproj", "{42276D62-CE52-44C8-B81C-43769192AA5A}"
EndProject
Project("{FAE04EC0-301F-11D3-BF4B-00C04F79EFBC}") = "Payment.Domain", "payment\lib\Payment.Domain\Payment.Domain.csproj", "{4B83BCCD-C9A5-4939-92D1-F3359F6C0E14}"
EndProject
Project("{FAE04EC0-301F-11D3-BF4B-00C04F79EFBC}") = "Payment.Infrastructure", "payment\lib\Payment.Infrastructure\Payment.Infrastructure.csproj", "{956ACFFE-5AB5-4A37-A4AF-1A17722E8F0B}"
EndProject
Project("{FAE04EC0-301F-11D3-BF4B-00C04F79EFBC}") = "Payment.Persistence", "payment\lib\Payment.Persistence\Payment.Persistence.csproj", "{9C703F83-4249-45E7-BF7C-7E3429FF36B4}"
EndProject
Project("{FAE04EC0-301F-11D3-BF4B-00C04F79EFBC}") = "Payment.Service", "payment\Payment.Service\Payment.Service.csproj", "{12DD171C-FDAD-4371-922E-768158287C09}"
EndProject
Project("{2150E333-8FDC-42A3-9474-1A3956D46DE8}") = "product", "product", "{21F6F233-693D-48A4-A9C1-0458353495BC}"
EndProject
Project("{2150E333-8FDC-42A3-9474-1A3956D46DE8}") = "lib", "lib", "{60C0F6EF-3463-4116-8F9A-CF6BB1AA099A}"
EndProject
Project("{FAE04EC0-301F-11D3-BF4B-00C04F79EFBC}") = "Product.Application", "product\lib\Product.Application\Product.Application.csproj", "{484D9BC5-C730-424C-917D-CF255C8F2FA8}"
EndProject
Project("{FAE04EC0-301F-11D3-BF4B-00C04F79EFBC}") = "Product.Domain", "product\lib\Product.Domain\Product.Domain.csproj", "{633969A9-10B2-4421-94BA-31767304011A}"
EndProject
Project("{FAE04EC0-301F-11D3-BF4B-00C04F79EFBC}") = "Product.Infrastructure", "product\lib\Product.Infrastructure\Product.Infrastructure.csproj", "{98D8B475-09A5-4AFF-9D8F-BC56B391D551}"
EndProject
Project("{FAE04EC0-301F-11D3-BF4B-00C04F79EFBC}") = "Product.Persistence", "product\lib\Product.Persistence\Product.Persistence.csproj", "{752DDD03-96F9-4705-8640-1A2E556E5CEA}"
EndProject
Project("{FAE04EC0-301F-11D3-BF4B-00C04F79EFBC}") = "Product.Service", "product\Product.Service\Product.Service.csproj", "{78D08F69-B22A-4490-A69A-153ED55FC4FE}"
EndProject
Project("{2150E333-8FDC-42A3-9474-1A3956D46DE8}") = "shared", "shared", "{CCB9B7B4-2979-486C-832E-76A22D50FA5E}"
EndProject
Project("{FAE04EC0-301F-11D3-BF4B-00C04F79EFBC}") = "Ecom.Shared", "shared\Ecom.Shared\Ecom.Shared.csproj", "{BD32A4BB-BBC8-4879-A7BC-8B365D3536FB}"
EndProject
Project("{2150E333-8FDC-42A3-9474-1A3956D46DE8}") = "gateway", "gateway", "{B3B3C5E0-A071-438E-82E4-1BB34D8E2531}"
EndProject
Project("{FAE04EC0-301F-11D3-BF4B-00C04F79EFBC}") = "Yarp.Gateway", "gateway\Yarp.Gateway\Yarp.Gateway.csproj", "{99B19C5C-21DD-44E5-AF33-8108142119E3}"
EndProject
Global
	GlobalSection(SolutionConfigurationPlatforms) = preSolution
		Debug|Any CPU = Debug|Any CPU
		Release|Any CPU = Release|Any CPU
	EndGlobalSection
	GlobalSection(ProjectConfigurationPlatforms) = postSolution
		{BA117B37-E59C-4E97-B063-FD97E6AEE416}.Debug|Any CPU.ActiveCfg = Debug|Any CPU
		{BA117B37-E59C-4E97-B063-FD97E6AEE416}.Debug|Any CPU.Build.0 = Debug|Any CPU
		{BA117B37-E59C-4E97-B063-FD97E6AEE416}.Release|Any CPU.ActiveCfg = Release|Any CPU
		{BA117B37-E59C-4E97-B063-FD97E6AEE416}.Release|Any CPU.Build.0 = Release|Any CPU
		{9BEAB0FD-EC1E-4C23-AE0D-8E076E514BE6}.Debug|Any CPU.ActiveCfg = Debug|Any CPU
		{9BEAB0FD-EC1E-4C23-AE0D-8E076E514BE6}.Debug|Any CPU.Build.0 = Debug|Any CPU
		{9BEAB0FD-EC1E-4C23-AE0D-8E076E514BE6}.Release|Any CPU.ActiveCfg = Release|Any CPU
		{9BEAB0FD-EC1E-4C23-AE0D-8E076E514BE6}.Release|Any CPU.Build.0 = Release|Any CPU
		{B5992A75-1B27-4060-94A7-30B1A11CF7CB}.Debug|Any CPU.ActiveCfg = Debug|Any CPU
		{B5992A75-1B27-4060-94A7-30B1A11CF7CB}.Debug|Any CPU.Build.0 = Debug|Any CPU
		{B5992A75-1B27-4060-94A7-30B1A11CF7CB}.Release|Any CPU.ActiveCfg = Release|Any CPU
		{B5992A75-1B27-4060-94A7-30B1A11CF7CB}.Release|Any CPU.Build.0 = Release|Any CPU
		{5B2E8679-7CCE-457F-A148-5E8080C382E1}.Debug|Any CPU.ActiveCfg = Debug|Any CPU
		{5B2E8679-7CCE-457F-A148-5E8080C382E1}.Debug|Any CPU.Build.0 = Debug|Any CPU
		{5B2E8679-7CCE-457F-A148-5E8080C382E1}.Release|Any CPU.ActiveCfg = Release|Any CPU
		{5B2E8679-7CCE-457F-A148-5E8080C382E1}.Release|Any CPU.Build.0 = Release|Any CPU
		{64E66230-B697-4AD7-9F17-62B712C2EC87}.Debug|Any CPU.ActiveCfg = Debug|Any CPU
		{64E66230-B697-4AD7-9F17-62B712C2EC87}.Debug|Any CPU.Build.0 = Debug|Any CPU
		{64E66230-B697-4AD7-9F17-62B712C2EC87}.Release|Any CPU.ActiveCfg = Release|Any CPU
		{64E66230-B697-4AD7-9F17-62B712C2EC87}.Release|Any CPU.Build.0 = Release|Any CPU
		{D4A9937D-E1C3-40BD-9CD7-ACDE1027E411}.Debug|Any CPU.ActiveCfg = Debug|Any CPU
		{D4A9937D-E1C3-40BD-9CD7-ACDE1027E411}.Debug|Any CPU.Build.0 = Debug|Any CPU
		{D4A9937D-E1C3-40BD-9CD7-ACDE1027E411}.Release|Any CPU.ActiveCfg = Release|Any CPU
		{D4A9937D-E1C3-40BD-9CD7-ACDE1027E411}.Release|Any CPU.Build.0 = Release|Any CPU
		{93645E82-C71B-45D6-B116-9A640294E27C}.Debug|Any CPU.ActiveCfg = Debug|Any CPU
		{93645E82-C71B-45D6-B116-9A640294E27C}.Debug|Any CPU.Build.0 = Debug|Any CPU
		{93645E82-C71B-45D6-B116-9A640294E27C}.Release|Any CPU.ActiveCfg = Release|Any CPU
		{93645E82-C71B-45D6-B116-9A640294E27C}.Release|Any CPU.Build.0 = Release|Any CPU
		{FAA41419-955E-447A-AE07-207589368665}.Debug|Any CPU.ActiveCfg = Debug|Any CPU
		{FAA41419-955E-447A-AE07-207589368665}.Debug|Any CPU.Build.0 = Debug|Any CPU
		{FAA41419-955E-447A-AE07-207589368665}.Release|Any CPU.ActiveCfg = Release|Any CPU
		{FAA41419-955E-447A-AE07-207589368665}.Release|Any CPU.Build.0 = Release|Any CPU
		{8E8E6D51-A8BA-459E-8345-07216FC9AB56}.Debug|Any CPU.ActiveCfg = Debug|Any CPU
		{8E8E6D51-A8BA-459E-8345-07216FC9AB56}.Debug|Any CPU.Build.0 = Debug|Any CPU
		{8E8E6D51-A8BA-459E-8345-07216FC9AB56}.Release|Any CPU.ActiveCfg = Release|Any CPU
		{8E8E6D51-A8BA-459E-8345-07216FC9AB56}.Release|Any CPU.Build.0 = Release|Any CPU
		{BC150282-6B30-4004-BF61-A33FC44FC91C}.Debug|Any CPU.ActiveCfg = Debug|Any CPU
		{BC150282-6B30-4004-BF61-A33FC44FC91C}.Debug|Any CPU.Build.0 = Debug|Any CPU
		{BC150282-6B30-4004-BF61-A33FC44FC91C}.Release|Any CPU.ActiveCfg = Release|Any CPU
		{BC150282-6B30-4004-BF61-A33FC44FC91C}.Release|Any CPU.Build.0 = Release|Any CPU
		{BA65FA84-831B-4EFA-9757-F7B8F4B98338}.Debug|Any CPU.ActiveCfg = Debug|Any CPU
		{BA65FA84-831B-4EFA-9757-F7B8F4B98338}.Debug|Any CPU.Build.0 = Debug|Any CPU
		{BA65FA84-831B-4EFA-9757-F7B8F4B98338}.Release|Any CPU.ActiveCfg = Release|Any CPU
		{BA65FA84-831B-4EFA-9757-F7B8F4B98338}.Release|Any CPU.Build.0 = Release|Any CPU
		{4AC5FFF5-5D1E-4613-BEDC-BAE82268EC78}.Debug|Any CPU.ActiveCfg = Debug|Any CPU
		{4AC5FFF5-5D1E-4613-BEDC-BAE82268EC78}.Debug|Any CPU.Build.0 = Debug|Any CPU
		{4AC5FFF5-5D1E-4613-BEDC-BAE82268EC78}.Release|Any CPU.ActiveCfg = Release|Any CPU
		{4AC5FFF5-5D1E-4613-BEDC-BAE82268EC78}.Release|Any CPU.Build.0 = Release|Any CPU
		{AF1685CA-6C63-4AB3-81D8-5AC1FF816FE5}.Debug|Any CPU.ActiveCfg = Debug|Any CPU
		{AF1685CA-6C63-4AB3-81D8-5AC1FF816FE5}.Debug|Any CPU.Build.0 = Debug|Any CPU
		{AF1685CA-6C63-4AB3-81D8-5AC1FF816FE5}.Release|Any CPU.ActiveCfg = Release|Any CPU
		{AF1685CA-6C63-4AB3-81D8-5AC1FF816FE5}.Release|Any CPU.Build.0 = Release|Any CPU
		{A2112448-0555-4BA6-9212-2FF03E1C4356}.Debug|Any CPU.ActiveCfg = Debug|Any CPU
		{A2112448-0555-4BA6-9212-2FF03E1C4356}.Debug|Any CPU.Build.0 = Debug|Any CPU
		{A2112448-0555-4BA6-9212-2FF03E1C4356}.Release|Any CPU.ActiveCfg = Release|Any CPU
		{A2112448-0555-4BA6-9212-2FF03E1C4356}.Release|Any CPU.Build.0 = Release|Any CPU
		{B9F8A2EA-8675-42DD-9800-D5FAFC0AAF69}.Debug|Any CPU.ActiveCfg = Debug|Any CPU
		{B9F8A2EA-8675-42DD-9800-D5FAFC0AAF69}.Debug|Any CPU.Build.0 = Debug|Any CPU
		{B9F8A2EA-8675-42DD-9800-D5FAFC0AAF69}.Release|Any CPU.ActiveCfg = Release|Any CPU
		{B9F8A2EA-8675-42DD-9800-D5FAFC0AAF69}.Release|Any CPU.Build.0 = Release|Any CPU
		{BD60EB66-5101-4C4B-AB2A-9349163387F9}.Debug|Any CPU.ActiveCfg = Debug|Any CPU
		{BD60EB66-5101-4C4B-AB2A-9349163387F9}.Debug|Any CPU.Build.0 = Debug|Any CPU
		{BD60EB66-5101-4C4B-AB2A-9349163387F9}.Release|Any CPU.ActiveCfg = Release|Any CPU
		{BD60EB66-5101-4C4B-AB2A-9349163387F9}.Release|Any CPU.Build.0 = Release|Any CPU
		{5D4CD184-A95B-4DB0-8AF3-37D33294C316}.Debug|Any CPU.ActiveCfg = Debug|Any CPU
		{5D4CD184-A95B-4DB0-8AF3-37D33294C316}.Debug|Any CPU.Build.0 = Debug|Any CPU
		{5D4CD184-A95B-4DB0-8AF3-37D33294C316}.Release|Any CPU.ActiveCfg = Release|Any CPU
		{5D4CD184-A95B-4DB0-8AF3-37D33294C316}.Release|Any CPU.Build.0 = Release|Any CPU
		{264D9D39-D94A-49FD-ABD7-3020EE9FEEA9}.Debug|Any CPU.ActiveCfg = Debug|Any CPU
		{264D9D39-D94A-49FD-ABD7-3020EE9FEEA9}.Debug|Any CPU.Build.0 = Debug|Any CPU
		{264D9D39-D94A-49FD-ABD7-3020EE9FEEA9}.Release|Any CPU.ActiveCfg = Release|Any CPU
		{264D9D39-D94A-49FD-ABD7-3020EE9FEEA9}.Release|Any CPU.Build.0 = Release|Any CPU
		{848DBA7E-1C05-4500-95A8-F1339929F3C0}.Debug|Any CPU.ActiveCfg = Debug|Any CPU
		{848DBA7E-1C05-4500-95A8-F1339929F3C0}.Debug|Any CPU.Build.0 = Debug|Any CPU
		{848DBA7E-1C05-4500-95A8-F1339929F3C0}.Release|Any CPU.ActiveCfg = Release|Any CPU
		{848DBA7E-1C05-4500-95A8-F1339929F3C0}.Release|Any CPU.Build.0 = Release|Any CPU
		{23B0556E-5E15-4F93-92F6-D342415A4620}.Debug|Any CPU.ActiveCfg = Debug|Any CPU
		{23B0556E-5E15-4F93-92F6-D342415A4620}.Debug|Any CPU.Build.0 = Debug|Any CPU
		{23B0556E-5E15-4F93-92F6-D342415A4620}.Release|Any CPU.ActiveCfg = Release|Any CPU
		{23B0556E-5E15-4F93-92F6-D342415A4620}.Release|Any CPU.Build.0 = Release|Any CPU
		{B1355CE9-E032-4D7A-A28C-66B193034AC5}.Debug|Any CPU.ActiveCfg = Debug|Any CPU
		{B1355CE9-E032-4D7A-A28C-66B193034AC5}.Debug|Any CPU.Build.0 = Debug|Any CPU
		{B1355CE9-E032-4D7A-A28C-66B193034AC5}.Release|Any CPU.ActiveCfg = Release|Any CPU
		{B1355CE9-E032-4D7A-A28C-66B193034AC5}.Release|Any CPU.Build.0 = Release|Any CPU
		{52248F9C-6ABC-4B74-B2FA-8BD9091D0CF5}.Debug|Any CPU.ActiveCfg = Debug|Any CPU
		{52248F9C-6ABC-4B74-B2FA-8BD9091D0CF5}.Debug|Any CPU.Build.0 = Debug|Any CPU
		{52248F9C-6ABC-4B74-B2FA-8BD9091D0CF5}.Release|Any CPU.ActiveCfg = Release|Any CPU
		{52248F9C-6ABC-4B74-B2FA-8BD9091D0CF5}.Release|Any CPU.Build.0 = Release|Any CPU
		{956DA659-AF71-47AB-AEEB-371EE7E9CFB9}.Debug|Any CPU.ActiveCfg = Debug|Any CPU
		{956DA659-AF71-47AB-AEEB-371EE7E9CFB9}.Debug|Any CPU.Build.0 = Debug|Any CPU
		{956DA659-AF71-47AB-AEEB-371EE7E9CFB9}.Release|Any CPU.ActiveCfg = Release|Any CPU
		{956DA659-AF71-47AB-AEEB-371EE7E9CFB9}.Release|Any CPU.Build.0 = Release|Any CPU
		{D65C6E8D-2DD8-4EFC-9C5C-3A72241F2A8E}.Debug|Any CPU.ActiveCfg = Debug|Any CPU
		{D65C6E8D-2DD8-4EFC-9C5C-3A72241F2A8E}.Debug|Any CPU.Build.0 = Debug|Any CPU
		{D65C6E8D-2DD8-4EFC-9C5C-3A72241F2A8E}.Release|Any CPU.ActiveCfg = Release|Any CPU
		{D65C6E8D-2DD8-4EFC-9C5C-3A72241F2A8E}.Release|Any CPU.Build.0 = Release|Any CPU
		{95DA70F6-6281-454C-9194-E6EC8926FB37}.Debug|Any CPU.ActiveCfg = Debug|Any CPU
		{95DA70F6-6281-454C-9194-E6EC8926FB37}.Debug|Any CPU.Build.0 = Debug|Any CPU
		{95DA70F6-6281-454C-9194-E6EC8926FB37}.Release|Any CPU.ActiveCfg = Release|Any CPU
		{95DA70F6-6281-454C-9194-E6EC8926FB37}.Release|Any CPU.Build.0 = Release|Any CPU
		{49E3CBDF-4BBE-4295-BBC5-EB1966F82BB8}.Debug|Any CPU.ActiveCfg = Debug|Any CPU
		{49E3CBDF-4BBE-4295-BBC5-EB1966F82BB8}.Debug|Any CPU.Build.0 = Debug|Any CPU
		{49E3CBDF-4BBE-4295-BBC5-EB1966F82BB8}.Release|Any CPU.ActiveCfg = Release|Any CPU
		{49E3CBDF-4BBE-4295-BBC5-EB1966F82BB8}.Release|Any CPU.Build.0 = Release|Any CPU
		{B7C64D06-88D1-4282-A220-73D26140EF3B}.Debug|Any CPU.ActiveCfg = Debug|Any CPU
		{B7C64D06-88D1-4282-A220-73D26140EF3B}.Debug|Any CPU.Build.0 = Debug|Any CPU
		{B7C64D06-88D1-4282-A220-73D26140EF3B}.Release|Any CPU.ActiveCfg = Release|Any CPU
		{B7C64D06-88D1-4282-A220-73D26140EF3B}.Release|Any CPU.Build.0 = Release|Any CPU
		{CA367028-0AB8-477A-94E4-738F7FF067E2}.Debug|Any CPU.ActiveCfg = Debug|Any CPU
		{CA367028-0AB8-477A-94E4-738F7FF067E2}.Debug|Any CPU.Build.0 = Debug|Any CPU
		{CA367028-0AB8-477A-94E4-738F7FF067E2}.Release|Any CPU.ActiveCfg = Release|Any CPU
		{CA367028-0AB8-477A-94E4-738F7FF067E2}.Release|Any CPU.Build.0 = Release|Any CPU
		{B0D597E5-50DE-422A-9F71-8C8050623F26}.Debug|Any CPU.ActiveCfg = Debug|Any CPU
		{B0D597E5-50DE-422A-9F71-8C8050623F26}.Debug|Any CPU.Build.0 = Debug|Any CPU
		{B0D597E5-50DE-422A-9F71-8C8050623F26}.Release|Any CPU.ActiveCfg = Release|Any CPU
		{B0D597E5-50DE-422A-9F71-8C8050623F26}.Release|Any CPU.Build.0 = Release|Any CPU
		{95A24331-A297-42D8-8308-A111A671DD78}.Debug|Any CPU.ActiveCfg = Debug|Any CPU
		{95A24331-A297-42D8-8308-A111A671DD78}.Debug|Any CPU.Build.0 = Debug|Any CPU
		{95A24331-A297-42D8-8308-A111A671DD78}.Release|Any CPU.ActiveCfg = Release|Any CPU
		{95A24331-A297-42D8-8308-A111A671DD78}.Release|Any CPU.Build.0 = Release|Any CPU
		{57E66224-4927-45C8-8287-87667F0FFCF6}.Debug|Any CPU.ActiveCfg = Debug|Any CPU
		{57E66224-4927-45C8-8287-87667F0FFCF6}.Debug|Any CPU.Build.0 = Debug|Any CPU
		{57E66224-4927-45C8-8287-87667F0FFCF6}.Release|Any CPU.ActiveCfg = Release|Any CPU
		{57E66224-4927-45C8-8287-87667F0FFCF6}.Release|Any CPU.Build.0 = Release|Any CPU
		{D1FC29B9-7D4E-4646-A4B0-E7B49687DD65}.Debug|Any CPU.ActiveCfg = Debug|Any CPU
		{D1FC29B9-7D4E-4646-A4B0-E7B49687DD65}.Debug|Any CPU.Build.0 = Debug|Any CPU
		{D1FC29B9-7D4E-4646-A4B0-E7B49687DD65}.Release|Any CPU.ActiveCfg = Release|Any CPU
		{D1FC29B9-7D4E-4646-A4B0-E7B49687DD65}.Release|Any CPU.Build.0 = Release|Any CPU
		{0383A4D6-FCC6-4DC3-84D7-430656FC3148}.Debug|Any CPU.ActiveCfg = Debug|Any CPU
		{0383A4D6-FCC6-4DC3-84D7-430656FC3148}.Debug|Any CPU.Build.0 = Debug|Any CPU
		{0383A4D6-FCC6-4DC3-84D7-430656FC3148}.Release|Any CPU.ActiveCfg = Release|Any CPU
		{0383A4D6-FCC6-4DC3-84D7-430656FC3148}.Release|Any CPU.Build.0 = Release|Any CPU
		{5A886A96-3A64-44BD-BB5E-CDA2D7ABC954}.Debug|Any CPU.ActiveCfg = Debug|Any CPU
		{5A886A96-3A64-44BD-BB5E-CDA2D7ABC954}.Debug|Any CPU.Build.0 = Debug|Any CPU
		{5A886A96-3A64-44BD-BB5E-CDA2D7ABC954}.Release|Any CPU.ActiveCfg = Release|Any CPU
		{5A886A96-3A64-44BD-BB5E-CDA2D7ABC954}.Release|Any CPU.Build.0 = Release|Any CPU
		{9B2FB7BE-427D-4B1C-BAAC-3C8BCE9325D5}.Debug|Any CPU.ActiveCfg = Debug|Any CPU
		{9B2FB7BE-427D-4B1C-BAAC-3C8BCE9325D5}.Debug|Any CPU.Build.0 = Debug|Any CPU
		{9B2FB7BE-427D-4B1C-BAAC-3C8BCE9325D5}.Release|Any CPU.ActiveCfg = Release|Any CPU
		{9B2FB7BE-427D-4B1C-BAAC-3C8BCE9325D5}.Release|Any CPU.Build.0 = Release|Any CPU
		{42276D62-CE52-44C8-B81C-43769192AA5A}.Debug|Any CPU.ActiveCfg = Debug|Any CPU
		{42276D62-CE52-44C8-B81C-43769192AA5A}.Debug|Any CPU.Build.0 = Debug|Any CPU
		{42276D62-CE52-44C8-B81C-43769192AA5A}.Release|Any CPU.ActiveCfg = Release|Any CPU
		{42276D62-CE52-44C8-B81C-43769192AA5A}.Release|Any CPU.Build.0 = Release|Any CPU
		{4B83BCCD-C9A5-4939-92D1-F3359F6C0E14}.Debug|Any CPU.ActiveCfg = Debug|Any CPU
		{4B83BCCD-C9A5-4939-92D1-F3359F6C0E14}.Debug|Any CPU.Build.0 = Debug|Any CPU
		{4B83BCCD-C9A5-4939-92D1-F3359F6C0E14}.Release|Any CPU.ActiveCfg = Release|Any CPU
		{4B83BCCD-C9A5-4939-92D1-F3359F6C0E14}.Release|Any CPU.Build.0 = Release|Any CPU
		{956ACFFE-5AB5-4A37-A4AF-1A17722E8F0B}.Debug|Any CPU.ActiveCfg = Debug|Any CPU
		{956ACFFE-5AB5-4A37-A4AF-1A17722E8F0B}.Debug|Any CPU.Build.0 = Debug|Any CPU
		{956ACFFE-5AB5-4A37-A4AF-1A17722E8F0B}.Release|Any CPU.ActiveCfg = Release|Any CPU
		{956ACFFE-5AB5-4A37-A4AF-1A17722E8F0B}.Release|Any CPU.Build.0 = Release|Any CPU
		{9C703F83-4249-45E7-BF7C-7E3429FF36B4}.Debug|Any CPU.ActiveCfg = Debug|Any CPU
		{9C703F83-4249-45E7-BF7C-7E3429FF36B4}.Debug|Any CPU.Build.0 = Debug|Any CPU
		{9C703F83-4249-45E7-BF7C-7E3429FF36B4}.Release|Any CPU.ActiveCfg = Release|Any CPU
		{9C703F83-4249-45E7-BF7C-7E3429FF36B4}.Release|Any CPU.Build.0 = Release|Any CPU
		{12DD171C-FDAD-4371-922E-768158287C09}.Debug|Any CPU.ActiveCfg = Debug|Any CPU
		{12DD171C-FDAD-4371-922E-768158287C09}.Debug|Any CPU.Build.0 = Debug|Any CPU
		{12DD171C-FDAD-4371-922E-768158287C09}.Release|Any CPU.ActiveCfg = Release|Any CPU
		{12DD171C-FDAD-4371-922E-768158287C09}.Release|Any CPU.Build.0 = Release|Any CPU
		{484D9BC5-C730-424C-917D-CF255C8F2FA8}.Debug|Any CPU.ActiveCfg = Debug|Any CPU
		{484D9BC5-C730-424C-917D-CF255C8F2FA8}.Debug|Any CPU.Build.0 = Debug|Any CPU
		{484D9BC5-C730-424C-917D-CF255C8F2FA8}.Release|Any CPU.ActiveCfg = Release|Any CPU
		{484D9BC5-C730-424C-917D-CF255C8F2FA8}.Release|Any CPU.Build.0 = Release|Any CPU
		{633969A9-10B2-4421-94BA-31767304011A}.Debug|Any CPU.ActiveCfg = Debug|Any CPU
		{633969A9-10B2-4421-94BA-31767304011A}.Debug|Any CPU.Build.0 = Debug|Any CPU
		{633969A9-10B2-4421-94BA-31767304011A}.Release|Any CPU.ActiveCfg = Release|Any CPU
		{633969A9-10B2-4421-94BA-31767304011A}.Release|Any CPU.Build.0 = Release|Any CPU
		{98D8B475-09A5-4AFF-9D8F-BC56B391D551}.Debug|Any CPU.ActiveCfg = Debug|Any CPU
		{98D8B475-09A5-4AFF-9D8F-BC56B391D551}.Debug|Any CPU.Build.0 = Debug|Any CPU
		{98D8B475-09A5-4AFF-9D8F-BC56B391D551}.Release|Any CPU.ActiveCfg = Release|Any CPU
		{98D8B475-09A5-4AFF-9D8F-BC56B391D551}.Release|Any CPU.Build.0 = Release|Any CPU
		{752DDD03-96F9-4705-8640-1A2E556E5CEA}.Debug|Any CPU.ActiveCfg = Debug|Any CPU
		{752DDD03-96F9-4705-8640-1A2E556E5CEA}.Debug|Any CPU.Build.0 = Debug|Any CPU
		{752DDD03-96F9-4705-8640-1A2E556E5CEA}.Release|Any CPU.ActiveCfg = Release|Any CPU
		{752DDD03-96F9-4705-8640-1A2E556E5CEA}.Release|Any CPU.Build.0 = Release|Any CPU
		{78D08F69-B22A-4490-A69A-153ED55FC4FE}.Debug|Any CPU.ActiveCfg = Debug|Any CPU
		{78D08F69-B22A-4490-A69A-153ED55FC4FE}.Debug|Any CPU.Build.0 = Debug|Any CPU
		{78D08F69-B22A-4490-A69A-153ED55FC4FE}.Release|Any CPU.ActiveCfg = Release|Any CPU
		{78D08F69-B22A-4490-A69A-153ED55FC4FE}.Release|Any CPU.Build.0 = Release|Any CPU
		{BD32A4BB-BBC8-4879-A7BC-8B365D3536FB}.Debug|Any CPU.ActiveCfg = Debug|Any CPU
		{BD32A4BB-BBC8-4879-A7BC-8B365D3536FB}.Debug|Any CPU.Build.0 = Debug|Any CPU
		{BD32A4BB-BBC8-4879-A7BC-8B365D3536FB}.Release|Any CPU.ActiveCfg = Release|Any CPU
		{BD32A4BB-BBC8-4879-A7BC-8B365D3536FB}.Release|Any CPU.Build.0 = Release|Any CPU
		{99B19C5C-21DD-44E5-AF33-8108142119E3}.Debug|Any CPU.ActiveCfg = Debug|Any CPU
		{99B19C5C-21DD-44E5-AF33-8108142119E3}.Debug|Any CPU.Build.0 = Debug|Any CPU
		{99B19C5C-21DD-44E5-AF33-8108142119E3}.Release|Any CPU.ActiveCfg = Release|Any CPU
		{99B19C5C-21DD-44E5-AF33-8108142119E3}.Release|Any CPU.Build.0 = Release|Any CPU
	EndGlobalSection
	GlobalSection(SolutionProperties) = preSolution
		HideSolutionNode = FALSE
	EndGlobalSection
	GlobalSection(NestedProjects) = preSolution
		{BA117B37-E59C-4E97-B063-FD97E6AEE416} = {C7D89D9E-E680-4D84-B65E-64C1B51157E5}
		{02300EBA-ABEC-4A1B-A9CD-3BA0E0B50175} = {C7D89D9E-E680-4D84-B65E-64C1B51157E5}
		{9BEAB0FD-EC1E-4C23-AE0D-8E076E514BE6} = {02300EBA-ABEC-4A1B-A9CD-3BA0E0B50175}
		{B5992A75-1B27-4060-94A7-30B1A11CF7CB} = {02300EBA-ABEC-4A1B-A9CD-3BA0E0B50175}
		{5B2E8679-7CCE-457F-A148-5E8080C382E1} = {02300EBA-ABEC-4A1B-A9CD-3BA0E0B50175}
		{64E66230-B697-4AD7-9F17-62B712C2EC87} = {02300EBA-ABEC-4A1B-A9CD-3BA0E0B50175}
		{D4A9937D-E1C3-40BD-9CD7-ACDE1027E411} = {311FA021-4DC4-4E42-AE8C-0C5276DAAFE5}
		{EA0BA66D-67E5-4872-8494-6031FB4B7A54} = {311FA021-4DC4-4E42-AE8C-0C5276DAAFE5}
		{93645E82-C71B-45D6-B116-9A640294E27C} = {EA0BA66D-67E5-4872-8494-6031FB4B7A54}
		{FAA41419-955E-447A-AE07-207589368665} = {EA0BA66D-67E5-4872-8494-6031FB4B7A54}
		{8E8E6D51-A8BA-459E-8345-07216FC9AB56} = {EA0BA66D-67E5-4872-8494-6031FB4B7A54}
		{BC150282-6B30-4004-BF61-A33FC44FC91C} = {EA0BA66D-67E5-4872-8494-6031FB4B7A54}
		{BA65FA84-831B-4EFA-9757-F7B8F4B98338} = {3EFA7AEF-2DA2-4B1E-9D80-8F8A102C9512}
		{C0DF0AC1-75ED-4F6D-ADC7-EA8836160EB6} = {3EFA7AEF-2DA2-4B1E-9D80-8F8A102C9512}
		{4AC5FFF5-5D1E-4613-BEDC-BAE82268EC78} = {C0DF0AC1-75ED-4F6D-ADC7-EA8836160EB6}
		{AF1685CA-6C63-4AB3-81D8-5AC1FF816FE5} = {C0DF0AC1-75ED-4F6D-ADC7-EA8836160EB6}
		{A2112448-0555-4BA6-9212-2FF03E1C4356} = {C0DF0AC1-75ED-4F6D-ADC7-EA8836160EB6}
		{B9F8A2EA-8675-42DD-9800-D5FAFC0AAF69} = {C0DF0AC1-75ED-4F6D-ADC7-EA8836160EB6}
		{BD60EB66-5101-4C4B-AB2A-9349163387F9} = {99F282CA-D809-4CBC-A8C3-0D33DA3E5463}
		{32452BC2-06FD-4C7F-B9D5-81114926393D} = {99F282CA-D809-4CBC-A8C3-0D33DA3E5463}
		{5D4CD184-A95B-4DB0-8AF3-37D33294C316} = {32452BC2-06FD-4C7F-B9D5-81114926393D}
		{264D9D39-D94A-49FD-ABD7-3020EE9FEEA9} = {32452BC2-06FD-4C7F-B9D5-81114926393D}
		{848DBA7E-1C05-4500-95A8-F1339929F3C0} = {32452BC2-06FD-4C7F-B9D5-81114926393D}
		{23B0556E-5E15-4F93-92F6-D342415A4620} = {32452BC2-06FD-4C7F-B9D5-81114926393D}
		{B1355CE9-E032-4D7A-A28C-66B193034AC5} = {D7A92744-D2CF-42A1-99B3-870A1D9E8A5F}
		{45E368C8-912A-4149-98DD-EBBC985C554C} = {D7A92744-D2CF-42A1-99B3-870A1D9E8A5F}
		{52248F9C-6ABC-4B74-B2FA-8BD9091D0CF5} = {45E368C8-912A-4149-98DD-EBBC985C554C}
		{956DA659-AF71-47AB-AEEB-371EE7E9CFB9} = {45E368C8-912A-4149-98DD-EBBC985C554C}
		{D65C6E8D-2DD8-4EFC-9C5C-3A72241F2A8E} = {45E368C8-912A-4149-98DD-EBBC985C554C}
		{95DA70F6-6281-454C-9194-E6EC8926FB37} = {45E368C8-912A-4149-98DD-EBBC985C554C}
		{ACEC4F0C-62E7-4F41-A139-E592A499350F} = {6A0F3254-C36A-44C1-9F7F-C6ACBA76440C}
		{49E3CBDF-4BBE-4295-BBC5-EB1966F82BB8} = {ACEC4F0C-62E7-4F41-A139-E592A499350F}
		{B7C64D06-88D1-4282-A220-73D26140EF3B} = {ACEC4F0C-62E7-4F41-A139-E592A499350F}
		{CA367028-0AB8-477A-94E4-738F7FF067E2} = {ACEC4F0C-62E7-4F41-A139-E592A499350F}
		{B0D597E5-50DE-422A-9F71-8C8050623F26} = {ACEC4F0C-62E7-4F41-A139-E592A499350F}
		{95A24331-A297-42D8-8308-A111A671DD78} = {6A0F3254-C36A-44C1-9F7F-C6ACBA76440C}
		{6C933A8F-6BA6-4F5A-8F6F-36812788FD15} = {8816BDF9-B885-4033-B2DF-381124085585}
		{57E66224-4927-45C8-8287-87667F0FFCF6} = {6C933A8F-6BA6-4F5A-8F6F-36812788FD15}
		{D1FC29B9-7D4E-4646-A4B0-E7B49687DD65} = {6C933A8F-6BA6-4F5A-8F6F-36812788FD15}
		{0383A4D6-FCC6-4DC3-84D7-430656FC3148} = {6C933A8F-6BA6-4F5A-8F6F-36812788FD15}
		{5A886A96-3A64-44BD-BB5E-CDA2D7ABC954} = {6C933A8F-6BA6-4F5A-8F6F-36812788FD15}
		{9B2FB7BE-427D-4B1C-BAAC-3C8BCE9325D5} = {8816BDF9-B885-4033-B2DF-381124085585}
		{F355DED5-AC70-4802-85B6-B86309E0359F} = {484E8D02-4ABB-44ED-BEF8-0D4627A0735A}
		{42276D62-CE52-44C8-B81C-43769192AA5A} = {F355DED5-AC70-4802-85B6-B86309E0359F}
		{4B83BCCD-C9A5-4939-92D1-F3359F6C0E14} = {F355DED5-AC70-4802-85B6-B86309E0359F}
		{956ACFFE-5AB5-4A37-A4AF-1A17722E8F0B} = {F355DED5-AC70-4802-85B6-B86309E0359F}
		{9C703F83-4249-45E7-BF7C-7E3429FF36B4} = {F355DED5-AC70-4802-85B6-B86309E0359F}
		{12DD171C-FDAD-4371-922E-768158287C09} = {484E8D02-4ABB-44ED-BEF8-0D4627A0735A}
		{60C0F6EF-3463-4116-8F9A-CF6BB1AA099A} = {21F6F233-693D-48A4-A9C1-0458353495BC}
		{484D9BC5-C730-424C-917D-CF255C8F2FA8} = {60C0F6EF-3463-4116-8F9A-CF6BB1AA099A}
		{633969A9-10B2-4421-94BA-31767304011A} = {60C0F6EF-3463-4116-8F9A-CF6BB1AA099A}
		{98D8B475-09A5-4AFF-9D8F-BC56B391D551} = {60C0F6EF-3463-4116-8F9A-CF6BB1AA099A}
		{752DDD03-96F9-4705-8640-1A2E556E5CEA} = {60C0F6EF-3463-4116-8F9A-CF6BB1AA099A}
		{78D08F69-B22A-4490-A69A-153ED55FC4FE} = {21F6F233-693D-48A4-A9C1-0458353495BC}
		{BD32A4BB-BBC8-4879-A7BC-8B365D3536FB} = {CCB9B7B4-2979-486C-832E-76A22D50FA5E}
		{99B19C5C-21DD-44E5-AF33-8108142119E3} = {B3B3C5E0-A071-438E-82E4-1BB34D8E2531}
	EndGlobalSection
EndGlobal
